
Microsoft Visual Studio Solution File, Format Version 12.00
# Visual Studio Version 16
VisualStudioVersion = 16.0.30611.23
MinimumVisualStudioVersion = 10.0.40219.1
Project("{9A19103F-16F7-4668-BE54-9A1E7A4F7556}") = "DistributedSkateWorld", "DistributedSkateWorld\DistributedSkateWorld.csproj", "{A258C6F9-130C-442E-8BE0-54621F9051CC}"
EndProject
Project("{FAE04EC0-301F-11D3-BF4B-00C04F79EFBC}") = "SkateWorldTests", "SkateWorldTests\SkateWorldTests.csproj", "{32E91F00-6796-4D19-B7E5-396E2B23FEF4}"
EndProject
Global
	GlobalSection(SolutionConfigurationPlatforms) = preSolution
		Debug|Any CPU = Debug|Any CPU
		Release|Any CPU = Release|Any CPU
	EndGlobalSection
	GlobalSection(ProjectConfigurationPlatforms) = postSolution
		{A258C6F9-130C-442E-8BE0-54621F9051CC}.Debug|Any CPU.ActiveCfg = Debug|Any CPU
		{A258C6F9-130C-442E-8BE0-54621F9051CC}.Debug|Any CPU.Build.0 = Debug|Any CPU
		{A258C6F9-130C-442E-8BE0-54621F9051CC}.Release|Any CPU.ActiveCfg = Release|Any CPU
		{A258C6F9-130C-442E-8BE0-54621F9051CC}.Release|Any CPU.Build.0 = Release|Any CPU
		{32E91F00-6796-4D19-B7E5-396E2B23FEF4}.Debug|Any CPU.ActiveCfg = Debug|Any CPU
		{32E91F00-6796-4D19-B7E5-396E2B23FEF4}.Debug|Any CPU.Build.0 = Debug|Any CPU
		{32E91F00-6796-4D19-B7E5-396E2B23FEF4}.Release|Any CPU.ActiveCfg = Release|Any CPU
		{32E91F00-6796-4D19-B7E5-396E2B23FEF4}.Release|Any CPU.Build.0 = Release|Any CPU
	EndGlobalSection
	GlobalSection(SolutionProperties) = preSolution
		HideSolutionNode = FALSE
	EndGlobalSection
	GlobalSection(ExtensibilityGlobals) = postSolution
		SolutionGuid = {84275385-52BB-4A3C-AFAE-8E31D55BE258}
	EndGlobalSection
EndGlobal
